// !$*UTF8*$!
{
	archiveVersion = 1;
	classes = {
	};
	objectVersion = 50;
	objects = {

/* Begin PBXBuildFile section */
		140B768E22E7E401009F6D07 /* AppDelegate.swift in Sources */ = {isa = PBXBuildFile; fileRef = 140B768D22E7E401009F6D07 /* AppDelegate.swift */; };
		140B769522E7E402009F6D07 /* Assets.xcassets in Resources */ = {isa = PBXBuildFile; fileRef = 140B769422E7E402009F6D07 /* Assets.xcassets */; };
		140B769822E7E402009F6D07 /* LaunchScreen.storyboard in Resources */ = {isa = PBXBuildFile; fileRef = 140B769622E7E402009F6D07 /* LaunchScreen.storyboard */; };
		140B76A322E7E402009F6D07 /* NYMostPopularArticleTests.swift in Sources */ = {isa = PBXBuildFile; fileRef = 140B76A222E7E402009F6D07 /* NYMostPopularArticleTests.swift */; };
		140B76B322E7E5DD009F6D07 /* MockArticleInteractor.swift in Sources */ = {isa = PBXBuildFile; fileRef = 140B76AD22E7E5DC009F6D07 /* MockArticleInteractor.swift */; };
		140B76B422E7E5DD009F6D07 /* MockNYTimesArticleService.swift in Sources */ = {isa = PBXBuildFile; fileRef = 140B76AE22E7E5DC009F6D07 /* MockNYTimesArticleService.swift */; };
		140B76B522E7E5DD009F6D07 /* MockDownloadImageInteractor.swift in Sources */ = {isa = PBXBuildFile; fileRef = 140B76AF22E7E5DC009F6D07 /* MockDownloadImageInteractor.swift */; };
		140B76B622E7E5DD009F6D07 /* MockDownloadService.swift in Sources */ = {isa = PBXBuildFile; fileRef = 140B76B022E7E5DC009F6D07 /* MockDownloadService.swift */; };
		140B76B722E7E5DD009F6D07 /* DownloadInteractorSpec.swift in Sources */ = {isa = PBXBuildFile; fileRef = 140B76B122E7E5DC009F6D07 /* DownloadInteractorSpec.swift */; };
		140B76B822E7E5DD009F6D07 /* ArticleInteractorSpec.swift in Sources */ = {isa = PBXBuildFile; fileRef = 140B76B222E7E5DD009F6D07 /* ArticleInteractorSpec.swift */; };
		140B76E322E7E795009F6D07 /* UIView.swift in Sources */ = {isa = PBXBuildFile; fileRef = 140B76BB22E7E795009F6D07 /* UIView.swift */; };
		140B76E422E7E795009F6D07 /* NSLayoutConstraint.swift in Sources */ = {isa = PBXBuildFile; fileRef = 140B76BC22E7E795009F6D07 /* NSLayoutConstraint.swift */; };
		140B76E522E7E795009F6D07 /* NibLoadableView.swift in Sources */ = {isa = PBXBuildFile; fileRef = 140B76BE22E7E795009F6D07 /* NibLoadableView.swift */; };
		140B76E622E7E795009F6D07 /* ReusableView.swift in Sources */ = {isa = PBXBuildFile; fileRef = 140B76BF22E7E795009F6D07 /* ReusableView.swift */; };
		140B76E722E7E795009F6D07 /* NSMutableAttributedString+Occurrences.swift in Sources */ = {isa = PBXBuildFile; fileRef = 140B76C022E7E795009F6D07 /* NSMutableAttributedString+Occurrences.swift */; };
		140B76E822E7E795009F6D07 /* UITableView.swift in Sources */ = {isa = PBXBuildFile; fileRef = 140B76C122E7E795009F6D07 /* UITableView.swift */; };
		140B76E922E7E795009F6D07 /* NSLayoutConstraintHairline.swift in Sources */ = {isa = PBXBuildFile; fileRef = 140B76C222E7E795009F6D07 /* NSLayoutConstraintHairline.swift */; };
		140B76EA22E7E795009F6D07 /* String.swift in Sources */ = {isa = PBXBuildFile; fileRef = 140B76C322E7E795009F6D07 /* String.swift */; };
		140B76EB22E7E795009F6D07 /* GeneralExtension.swift in Sources */ = {isa = PBXBuildFile; fileRef = 140B76C422E7E795009F6D07 /* GeneralExtension.swift */; };
		140B76EC22E7E795009F6D07 /* NSRange.swift in Sources */ = {isa = PBXBuildFile; fileRef = 140B76C522E7E795009F6D07 /* NSRange.swift */; };
		140B76ED22E7E795009F6D07 /* UIViewController.swift in Sources */ = {isa = PBXBuildFile; fileRef = 140B76C622E7E795009F6D07 /* UIViewController.swift */; };
		140B76EE22E7E795009F6D07 /* LoadableFromXibView.swift in Sources */ = {isa = PBXBuildFile; fileRef = 140B76C722E7E795009F6D07 /* LoadableFromXibView.swift */; };
		140B76EF22E7E795009F6D07 /* Wireframe.swift in Sources */ = {isa = PBXBuildFile; fileRef = 140B76C822E7E795009F6D07 /* Wireframe.swift */; };
		140B76F022E7E795009F6D07 /* Download.swift in Sources */ = {isa = PBXBuildFile; fileRef = 140B76CB22E7E795009F6D07 /* Download.swift */; };
		140B76F122E7E795009F6D07 /* NYTimesArticle.swift in Sources */ = {isa = PBXBuildFile; fileRef = 140B76CC22E7E795009F6D07 /* NYTimesArticle.swift */; };
		140B76F222E7E795009F6D07 /* ArticlesViewAdaptor.swift in Sources */ = {isa = PBXBuildFile; fileRef = 140B76CE22E7E795009F6D07 /* ArticlesViewAdaptor.swift */; };
		140B76F322E7E795009F6D07 /* ArticlesPresenter.swift in Sources */ = {isa = PBXBuildFile; fileRef = 140B76CF22E7E795009F6D07 /* ArticlesPresenter.swift */; };
		140B76F422E7E795009F6D07 /* ArticleWireframe.swift in Sources */ = {isa = PBXBuildFile; fileRef = 140B76D122E7E795009F6D07 /* ArticleWireframe.swift */; };
		140B76F522E7E795009F6D07 /* ArticleTableViewCell.swift in Sources */ = {isa = PBXBuildFile; fileRef = 140B76D422E7E795009F6D07 /* ArticleTableViewCell.swift */; };
		140B76F622E7E795009F6D07 /* ArticleTableViewCell.xib in Resources */ = {isa = PBXBuildFile; fileRef = 140B76D522E7E795009F6D07 /* ArticleTableViewCell.xib */; };
		140B76F722E7E795009F6D07 /* ArticleDetailsViewController.swift in Sources */ = {isa = PBXBuildFile; fileRef = 140B76D622E7E795009F6D07 /* ArticleDetailsViewController.swift */; };
		140B76F822E7E795009F6D07 /* ArticleViewController.swift in Sources */ = {isa = PBXBuildFile; fileRef = 140B76D722E7E795009F6D07 /* ArticleViewController.swift */; };
		140B76F922E7E795009F6D07 /* ArticleStoryboard.storyboard in Resources */ = {isa = PBXBuildFile; fileRef = 140B76D822E7E795009F6D07 /* ArticleStoryboard.storyboard */; };
		140B76FA22E7E795009F6D07 /* ArticleViewController+URLSessionDelegates.swift in Sources */ = {isa = PBXBuildFile; fileRef = 140B76DA22E7E795009F6D07 /* ArticleViewController+URLSessionDelegates.swift */; };
		140B76FB22E7E795009F6D07 /* DownloadInteractor.swift in Sources */ = {isa = PBXBuildFile; fileRef = 140B76DC22E7E795009F6D07 /* DownloadInteractor.swift */; };
		140B76FC22E7E795009F6D07 /* ArticleInteractor.swift in Sources */ = {isa = PBXBuildFile; fileRef = 140B76DD22E7E795009F6D07 /* ArticleInteractor.swift */; };
		140B76FD22E7E795009F6D07 /* DownloadImageService.swift in Sources */ = {isa = PBXBuildFile; fileRef = 140B76DF22E7E795009F6D07 /* DownloadImageService.swift */; };
		140B76FE22E7E795009F6D07 /* NYTimesArticleService.swift in Sources */ = {isa = PBXBuildFile; fileRef = 140B76E022E7E795009F6D07 /* NYTimesArticleService.swift */; };
		140B76FF22E7E795009F6D07 /* InteractorFactory.swift in Sources */ = {isa = PBXBuildFile; fileRef = 140B76E222E7E795009F6D07 /* InteractorFactory.swift */; };
/* End PBXBuildFile section */

/* Begin PBXContainerItemProxy section */
		140B769F22E7E402009F6D07 /* PBXContainerItemProxy */ = {
			isa = PBXContainerItemProxy;
			containerPortal = 140B768222E7E401009F6D07 /* Project object */;
			proxyType = 1;
			remoteGlobalIDString = 140B768922E7E401009F6D07;
			remoteInfo = NYMostPopularArticle;
		};
/* End PBXContainerItemProxy section */

/* Begin PBXFileReference section */
		140B768A22E7E401009F6D07 /* NYMostPopularArticle.app */ = {isa = PBXFileReference; explicitFileType = wrapper.application; includeInIndex = 0; path = NYMostPopularArticle.app; sourceTree = BUILT_PRODUCTS_DIR; };
		140B768D22E7E401009F6D07 /* AppDelegate.swift */ = {isa = PBXFileReference; lastKnownFileType = sourcecode.swift; path = AppDelegate.swift; sourceTree = "<group>"; };
		140B769422E7E402009F6D07 /* Assets.xcassets */ = {isa = PBXFileReference; lastKnownFileType = folder.assetcatalog; path = Assets.xcassets; sourceTree = "<group>"; };
		140B769722E7E402009F6D07 /* Base */ = {isa = PBXFileReference; lastKnownFileType = file.storyboard; name = Base; path = Base.lproj/LaunchScreen.storyboard; sourceTree = "<group>"; };
		140B769922E7E402009F6D07 /* Info.plist */ = {isa = PBXFileReference; lastKnownFileType = text.plist.xml; path = Info.plist; sourceTree = "<group>"; };
		140B769E22E7E402009F6D07 /* NYMostPopularArticleTests.xctest */ = {isa = PBXFileReference; explicitFileType = wrapper.cfbundle; includeInIndex = 0; path = NYMostPopularArticleTests.xctest; sourceTree = BUILT_PRODUCTS_DIR; };
		140B76A222E7E402009F6D07 /* NYMostPopularArticleTests.swift */ = {isa = PBXFileReference; lastKnownFileType = sourcecode.swift; path = NYMostPopularArticleTests.swift; sourceTree = "<group>"; };
		140B76A422E7E402009F6D07 /* Info.plist */ = {isa = PBXFileReference; lastKnownFileType = text.plist.xml; path = Info.plist; sourceTree = "<group>"; };
		140B76AD22E7E5DC009F6D07 /* MockArticleInteractor.swift */ = {isa = PBXFileReference; fileEncoding = 4; lastKnownFileType = sourcecode.swift; path = MockArticleInteractor.swift; sourceTree = "<group>"; };
		140B76AE22E7E5DC009F6D07 /* MockNYTimesArticleService.swift */ = {isa = PBXFileReference; fileEncoding = 4; lastKnownFileType = sourcecode.swift; path = MockNYTimesArticleService.swift; sourceTree = "<group>"; };
		140B76AF22E7E5DC009F6D07 /* MockDownloadImageInteractor.swift */ = {isa = PBXFileReference; fileEncoding = 4; lastKnownFileType = sourcecode.swift; path = MockDownloadImageInteractor.swift; sourceTree = "<group>"; };
		140B76B022E7E5DC009F6D07 /* MockDownloadService.swift */ = {isa = PBXFileReference; fileEncoding = 4; lastKnownFileType = sourcecode.swift; path = MockDownloadService.swift; sourceTree = "<group>"; };
		140B76B122E7E5DC009F6D07 /* DownloadInteractorSpec.swift */ = {isa = PBXFileReference; fileEncoding = 4; lastKnownFileType = sourcecode.swift; path = DownloadInteractorSpec.swift; sourceTree = "<group>"; };
		140B76B222E7E5DD009F6D07 /* ArticleInteractorSpec.swift */ = {isa = PBXFileReference; fileEncoding = 4; lastKnownFileType = sourcecode.swift; path = ArticleInteractorSpec.swift; sourceTree = "<group>"; };
		140B76BB22E7E795009F6D07 /* UIView.swift */ = {isa = PBXFileReference; fileEncoding = 4; lastKnownFileType = sourcecode.swift; path = UIView.swift; sourceTree = "<group>"; };
		140B76BC22E7E795009F6D07 /* NSLayoutConstraint.swift */ = {isa = PBXFileReference; fileEncoding = 4; lastKnownFileType = sourcecode.swift; path = NSLayoutConstraint.swift; sourceTree = "<group>"; };
		140B76BE22E7E795009F6D07 /* NibLoadableView.swift */ = {isa = PBXFileReference; fileEncoding = 4; lastKnownFileType = sourcecode.swift; path = NibLoadableView.swift; sourceTree = "<group>"; };
		140B76BF22E7E795009F6D07 /* ReusableView.swift */ = {isa = PBXFileReference; fileEncoding = 4; lastKnownFileType = sourcecode.swift; path = ReusableView.swift; sourceTree = "<group>"; };
		140B76C022E7E795009F6D07 /* NSMutableAttributedString+Occurrences.swift */ = {isa = PBXFileReference; fileEncoding = 4; lastKnownFileType = sourcecode.swift; path = "NSMutableAttributedString+Occurrences.swift"; sourceTree = "<group>"; };
		140B76C122E7E795009F6D07 /* UITableView.swift */ = {isa = PBXFileReference; fileEncoding = 4; lastKnownFileType = sourcecode.swift; path = UITableView.swift; sourceTree = "<group>"; };
		140B76C222E7E795009F6D07 /* NSLayoutConstraintHairline.swift */ = {isa = PBXFileReference; fileEncoding = 4; lastKnownFileType = sourcecode.swift; path = NSLayoutConstraintHairline.swift; sourceTree = "<group>"; };
		140B76C322E7E795009F6D07 /* String.swift */ = {isa = PBXFileReference; fileEncoding = 4; lastKnownFileType = sourcecode.swift; path = String.swift; sourceTree = "<group>"; };
		140B76C422E7E795009F6D07 /* GeneralExtension.swift */ = {isa = PBXFileReference; fileEncoding = 4; lastKnownFileType = sourcecode.swift; path = GeneralExtension.swift; sourceTree = "<group>"; };
		140B76C522E7E795009F6D07 /* NSRange.swift */ = {isa = PBXFileReference; fileEncoding = 4; lastKnownFileType = sourcecode.swift; path = NSRange.swift; sourceTree = "<group>"; };
		140B76C622E7E795009F6D07 /* UIViewController.swift */ = {isa = PBXFileReference; fileEncoding = 4; lastKnownFileType = sourcecode.swift; path = UIViewController.swift; sourceTree = "<group>"; };
		140B76C722E7E795009F6D07 /* LoadableFromXibView.swift */ = {isa = PBXFileReference; fileEncoding = 4; lastKnownFileType = sourcecode.swift; path = LoadableFromXibView.swift; sourceTree = "<group>"; };
		140B76C822E7E795009F6D07 /* Wireframe.swift */ = {isa = PBXFileReference; fileEncoding = 4; lastKnownFileType = sourcecode.swift; path = Wireframe.swift; sourceTree = "<group>"; };
		140B76CB22E7E795009F6D07 /* Download.swift */ = {isa = PBXFileReference; fileEncoding = 4; lastKnownFileType = sourcecode.swift; path = Download.swift; sourceTree = "<group>"; };
		140B76CC22E7E795009F6D07 /* NYTimesArticle.swift */ = {isa = PBXFileReference; fileEncoding = 4; lastKnownFileType = sourcecode.swift; path = NYTimesArticle.swift; sourceTree = "<group>"; };
		140B76CE22E7E795009F6D07 /* ArticlesViewAdaptor.swift */ = {isa = PBXFileReference; fileEncoding = 4; lastKnownFileType = sourcecode.swift; path = ArticlesViewAdaptor.swift; sourceTree = "<group>"; };
		140B76CF22E7E795009F6D07 /* ArticlesPresenter.swift */ = {isa = PBXFileReference; fileEncoding = 4; lastKnownFileType = sourcecode.swift; path = ArticlesPresenter.swift; sourceTree = "<group>"; };
		140B76D122E7E795009F6D07 /* ArticleWireframe.swift */ = {isa = PBXFileReference; fileEncoding = 4; lastKnownFileType = sourcecode.swift; path = ArticleWireframe.swift; sourceTree = "<group>"; };
		140B76D422E7E795009F6D07 /* ArticleTableViewCell.swift */ = {isa = PBXFileReference; fileEncoding = 4; lastKnownFileType = sourcecode.swift; path = ArticleTableViewCell.swift; sourceTree = "<group>"; };
		140B76D522E7E795009F6D07 /* ArticleTableViewCell.xib */ = {isa = PBXFileReference; fileEncoding = 4; lastKnownFileType = file.xib; path = ArticleTableViewCell.xib; sourceTree = "<group>"; };
		140B76D622E7E795009F6D07 /* ArticleDetailsViewController.swift */ = {isa = PBXFileReference; fileEncoding = 4; lastKnownFileType = sourcecode.swift; path = ArticleDetailsViewController.swift; sourceTree = "<group>"; };
		140B76D722E7E795009F6D07 /* ArticleViewController.swift */ = {isa = PBXFileReference; fileEncoding = 4; lastKnownFileType = sourcecode.swift; path = ArticleViewController.swift; sourceTree = "<group>"; };
		140B76D922E7E795009F6D07 /* Base */ = {isa = PBXFileReference; lastKnownFileType = file.storyboard; name = Base; path = Base.lproj/ArticleStoryboard.storyboard; sourceTree = "<group>"; };
		140B76DA22E7E795009F6D07 /* ArticleViewController+URLSessionDelegates.swift */ = {isa = PBXFileReference; fileEncoding = 4; lastKnownFileType = sourcecode.swift; path = "ArticleViewController+URLSessionDelegates.swift"; sourceTree = "<group>"; };
		140B76DC22E7E795009F6D07 /* DownloadInteractor.swift */ = {isa = PBXFileReference; fileEncoding = 4; lastKnownFileType = sourcecode.swift; path = DownloadInteractor.swift; sourceTree = "<group>"; };
		140B76DD22E7E795009F6D07 /* ArticleInteractor.swift */ = {isa = PBXFileReference; fileEncoding = 4; lastKnownFileType = sourcecode.swift; path = ArticleInteractor.swift; sourceTree = "<group>"; };
		140B76DF22E7E795009F6D07 /* DownloadImageService.swift */ = {isa = PBXFileReference; fileEncoding = 4; lastKnownFileType = sourcecode.swift; path = DownloadImageService.swift; sourceTree = "<group>"; };
		140B76E022E7E795009F6D07 /* NYTimesArticleService.swift */ = {isa = PBXFileReference; fileEncoding = 4; lastKnownFileType = sourcecode.swift; path = NYTimesArticleService.swift; sourceTree = "<group>"; };
		140B76E222E7E795009F6D07 /* InteractorFactory.swift */ = {isa = PBXFileReference; fileEncoding = 4; lastKnownFileType = sourcecode.swift; path = InteractorFactory.swift; sourceTree = "<group>"; };
/* End PBXFileReference section */

/* Begin PBXFrameworksBuildPhase section */
		140B768722E7E401009F6D07 /* Frameworks */ = {
			isa = PBXFrameworksBuildPhase;
			buildActionMask = 2147483647;
			files = (
			);
			runOnlyForDeploymentPostprocessing = 0;
		};
		140B769B22E7E402009F6D07 /* Frameworks */ = {
			isa = PBXFrameworksBuildPhase;
			buildActionMask = 2147483647;
			files = (
			);
			runOnlyForDeploymentPostprocessing = 0;
		};
/* End PBXFrameworksBuildPhase section */

/* Begin PBXGroup section */
		140B768122E7E401009F6D07 = {
			isa = PBXGroup;
			children = (
				140B768C22E7E401009F6D07 /* NYMostPopularArticle */,
				140B76A122E7E402009F6D07 /* NYMostPopularArticleTests */,
				140B768B22E7E401009F6D07 /* Products */,
			);
			sourceTree = "<group>";
		};
		140B768B22E7E401009F6D07 /* Products */ = {
			isa = PBXGroup;
			children = (
				140B768A22E7E401009F6D07 /* NYMostPopularArticle.app */,
				140B769E22E7E402009F6D07 /* NYMostPopularArticleTests.xctest */,
			);
			name = Products;
			sourceTree = "<group>";
		};
		140B768C22E7E401009F6D07 /* NYMostPopularArticle */ = {
			isa = PBXGroup;
			children = (
				140B76C922E7E795009F6D07 /* Article */,
				140B76B922E7E795009F6D07 /* Common */,
				140B76E122E7E795009F6D07 /* Interactors */,
				140B76DE22E7E795009F6D07 /* Networking */,
				140B768D22E7E401009F6D07 /* AppDelegate.swift */,
				140B769422E7E402009F6D07 /* Assets.xcassets */,
				140B769622E7E402009F6D07 /* LaunchScreen.storyboard */,
				140B769922E7E402009F6D07 /* Info.plist */,
			);
			path = NYMostPopularArticle;
			sourceTree = "<group>";
		};
		140B76A122E7E402009F6D07 /* NYMostPopularArticleTests */ = {
			isa = PBXGroup;
			children = (
				140B76B222E7E5DD009F6D07 /* ArticleInteractorSpec.swift */,
				140B76B122E7E5DC009F6D07 /* DownloadInteractorSpec.swift */,
				140B76AD22E7E5DC009F6D07 /* MockArticleInteractor.swift */,
				140B76AF22E7E5DC009F6D07 /* MockDownloadImageInteractor.swift */,
				140B76B022E7E5DC009F6D07 /* MockDownloadService.swift */,
				140B76AE22E7E5DC009F6D07 /* MockNYTimesArticleService.swift */,
				140B76A222E7E402009F6D07 /* NYMostPopularArticleTests.swift */,
				140B76A422E7E402009F6D07 /* Info.plist */,
			);
			path = NYMostPopularArticleTests;
			sourceTree = "<group>";
		};
		140B76B922E7E795009F6D07 /* Common */ = {
			isa = PBXGroup;
			children = (
				140B76BA22E7E795009F6D07 /* Extension */,
				140B76C822E7E795009F6D07 /* Wireframe.swift */,
			);
			path = Common;
			sourceTree = "<group>";
		};
		140B76BA22E7E795009F6D07 /* Extension */ = {
			isa = PBXGroup;
			children = (
				140B76BB22E7E795009F6D07 /* UIView.swift */,
				140B76BC22E7E795009F6D07 /* NSLayoutConstraint.swift */,
				140B76BD22E7E795009F6D07 /* Protocol */,
				140B76C022E7E795009F6D07 /* NSMutableAttributedString+Occurrences.swift */,
				140B76C122E7E795009F6D07 /* UITableView.swift */,
				140B76C222E7E795009F6D07 /* NSLayoutConstraintHairline.swift */,
				140B76C322E7E795009F6D07 /* String.swift */,
				140B76C422E7E795009F6D07 /* GeneralExtension.swift */,
				140B76C522E7E795009F6D07 /* NSRange.swift */,
				140B76C622E7E795009F6D07 /* UIViewController.swift */,
				140B76C722E7E795009F6D07 /* LoadableFromXibView.swift */,
			);
			path = Extension;
			sourceTree = "<group>";
		};
		140B76BD22E7E795009F6D07 /* Protocol */ = {
			isa = PBXGroup;
			children = (
				140B76BE22E7E795009F6D07 /* NibLoadableView.swift */,
				140B76BF22E7E795009F6D07 /* ReusableView.swift */,
			);
			path = Protocol;
			sourceTree = "<group>";
		};
		140B76C922E7E795009F6D07 /* Article */ = {
			isa = PBXGroup;
			children = (
				140B76CA22E7E795009F6D07 /* Entity */,
				140B76CD22E7E795009F6D07 /* Presenter */,
				140B76D022E7E795009F6D07 /* Wireframe */,
				140B76D222E7E795009F6D07 /* View */,
				140B76DB22E7E795009F6D07 /* Interactor */,
			);
			path = Article;
			sourceTree = "<group>";
		};
		140B76CA22E7E795009F6D07 /* Entity */ = {
			isa = PBXGroup;
			children = (
				140B76CB22E7E795009F6D07 /* Download.swift */,
				140B76CC22E7E795009F6D07 /* NYTimesArticle.swift */,
			);
			path = Entity;
			sourceTree = "<group>";
		};
		140B76CD22E7E795009F6D07 /* Presenter */ = {
			isa = PBXGroup;
			children = (
				140B76CE22E7E795009F6D07 /* ArticlesViewAdaptor.swift */,
				140B76CF22E7E795009F6D07 /* ArticlesPresenter.swift */,
			);
			path = Presenter;
			sourceTree = "<group>";
		};
		140B76D022E7E795009F6D07 /* Wireframe */ = {
			isa = PBXGroup;
			children = (
				140B76D122E7E795009F6D07 /* ArticleWireframe.swift */,
			);
			path = Wireframe;
			sourceTree = "<group>";
		};
		140B76D222E7E795009F6D07 /* View */ = {
			isa = PBXGroup;
			children = (
				140B76D322E7E795009F6D07 /* Cells */,
				140B76D622E7E795009F6D07 /* ArticleDetailsViewController.swift */,
				140B76D722E7E795009F6D07 /* ArticleViewController.swift */,
				140B76D822E7E795009F6D07 /* ArticleStoryboard.storyboard */,
				140B76DA22E7E795009F6D07 /* ArticleViewController+URLSessionDelegates.swift */,
			);
			path = View;
			sourceTree = "<group>";
		};
		140B76D322E7E795009F6D07 /* Cells */ = {
			isa = PBXGroup;
			children = (
				140B76D422E7E795009F6D07 /* ArticleTableViewCell.swift */,
				140B76D522E7E795009F6D07 /* ArticleTableViewCell.xib */,
			);
			path = Cells;
			sourceTree = "<group>";
		};
		140B76DB22E7E795009F6D07 /* Interactor */ = {
			isa = PBXGroup;
			children = (
				140B76DC22E7E795009F6D07 /* DownloadInteractor.swift */,
				140B76DD22E7E795009F6D07 /* ArticleInteractor.swift */,
			);
			path = Interactor;
			sourceTree = "<group>";
		};
		140B76DE22E7E795009F6D07 /* Networking */ = {
			isa = PBXGroup;
			children = (
				140B76DF22E7E795009F6D07 /* DownloadImageService.swift */,
				140B76E022E7E795009F6D07 /* NYTimesArticleService.swift */,
			);
			path = Networking;
			sourceTree = "<group>";
		};
		140B76E122E7E795009F6D07 /* Interactors */ = {
			isa = PBXGroup;
			children = (
				140B76E222E7E795009F6D07 /* InteractorFactory.swift */,
			);
			path = Interactors;
			sourceTree = "<group>";
		};
/* End PBXGroup section */

/* Begin PBXNativeTarget section */
		140B768922E7E401009F6D07 /* NYMostPopularArticle */ = {
			isa = PBXNativeTarget;
			buildConfigurationList = 140B76A722E7E402009F6D07 /* Build configuration list for PBXNativeTarget "NYMostPopularArticle" */;
			buildPhases = (
				140B768622E7E401009F6D07 /* Sources */,
				140B768722E7E401009F6D07 /* Frameworks */,
				140B768822E7E401009F6D07 /* Resources */,
			);
			buildRules = (
			);
			dependencies = (
			);
			name = NYMostPopularArticle;
			productName = NYMostPopularArticle;
			productReference = 140B768A22E7E401009F6D07 /* NYMostPopularArticle.app */;
			productType = "com.apple.product-type.application";
		};
		140B769D22E7E402009F6D07 /* NYMostPopularArticleTests */ = {
			isa = PBXNativeTarget;
			buildConfigurationList = 140B76AA22E7E402009F6D07 /* Build configuration list for PBXNativeTarget "NYMostPopularArticleTests" */;
			buildPhases = (
				140B769A22E7E402009F6D07 /* Sources */,
				140B769B22E7E402009F6D07 /* Frameworks */,
				140B769C22E7E402009F6D07 /* Resources */,
			);
			buildRules = (
			);
			dependencies = (
				140B76A022E7E402009F6D07 /* PBXTargetDependency */,
			);
			name = NYMostPopularArticleTests;
			productName = NYMostPopularArticleTests;
			productReference = 140B769E22E7E402009F6D07 /* NYMostPopularArticleTests.xctest */;
			productType = "com.apple.product-type.bundle.unit-test";
		};
/* End PBXNativeTarget section */

/* Begin PBXProject section */
		140B768222E7E401009F6D07 /* Project object */ = {
			isa = PBXProject;
			attributes = {
				LastSwiftUpdateCheck = 1030;
				LastUpgradeCheck = 1030;
				ORGANIZATIONNAME = "Rakesh Kumar Sharma";
				TargetAttributes = {
					140B768922E7E401009F6D07 = {
						CreatedOnToolsVersion = 10.3;
					};
					140B769D22E7E402009F6D07 = {
						CreatedOnToolsVersion = 10.3;
						TestTargetID = 140B768922E7E401009F6D07;
					};
				};
			};
			buildConfigurationList = 140B768522E7E401009F6D07 /* Build configuration list for PBXProject "NYMostPopularArticle" */;
			compatibilityVersion = "Xcode 9.3";
			developmentRegion = en;
			hasScannedForEncodings = 0;
			knownRegions = (
				en,
				Base,
			);
			mainGroup = 140B768122E7E401009F6D07;
			productRefGroup = 140B768B22E7E401009F6D07 /* Products */;
			projectDirPath = "";
			projectRoot = "";
			targets = (
				140B768922E7E401009F6D07 /* NYMostPopularArticle */,
				140B769D22E7E402009F6D07 /* NYMostPopularArticleTests */,
			);
		};
/* End PBXProject section */

/* Begin PBXResourcesBuildPhase section */
		140B768822E7E401009F6D07 /* Resources */ = {
			isa = PBXResourcesBuildPhase;
			buildActionMask = 2147483647;
			files = (
				140B76F622E7E795009F6D07 /* ArticleTableViewCell.xib in Resources */,
				140B76F922E7E795009F6D07 /* ArticleStoryboard.storyboard in Resources */,
				140B769822E7E402009F6D07 /* LaunchScreen.storyboard in Resources */,
				140B769522E7E402009F6D07 /* Assets.xcassets in Resources */,
			);
			runOnlyForDeploymentPostprocessing = 0;
		};
		140B769C22E7E402009F6D07 /* Resources */ = {
			isa = PBXResourcesBuildPhase;
			buildActionMask = 2147483647;
			files = (
			);
			runOnlyForDeploymentPostprocessing = 0;
		};
/* End PBXResourcesBuildPhase section */

/* Begin PBXSourcesBuildPhase section */
		140B768622E7E401009F6D07 /* Sources */ = {
			isa = PBXSourcesBuildPhase;
			buildActionMask = 2147483647;
			files = (
				140B76F822E7E795009F6D07 /* ArticleViewController.swift in Sources */,
				140B76E722E7E795009F6D07 /* NSMutableAttributedString+Occurrences.swift in Sources */,
				140B76F022E7E795009F6D07 /* Download.swift in Sources */,
				140B76F422E7E795009F6D07 /* ArticleWireframe.swift in Sources */,
				140B76FC22E7E795009F6D07 /* ArticleInteractor.swift in Sources */,
				140B76EE22E7E795009F6D07 /* LoadableFromXibView.swift in Sources */,
				140B76EA22E7E795009F6D07 /* String.swift in Sources */,
				140B76FF22E7E795009F6D07 /* InteractorFactory.swift in Sources */,
				140B76E522E7E795009F6D07 /* NibLoadableView.swift in Sources */,
				140B76F322E7E795009F6D07 /* ArticlesPresenter.swift in Sources */,
				140B76F122E7E795009F6D07 /* NYTimesArticle.swift in Sources */,
				140B76EF22E7E795009F6D07 /* Wireframe.swift in Sources */,
				140B76E322E7E795009F6D07 /* UIView.swift in Sources */,
				140B76EB22E7E795009F6D07 /* GeneralExtension.swift in Sources */,
				140B76E622E7E795009F6D07 /* ReusableView.swift in Sources */,
				140B76ED22E7E795009F6D07 /* UIViewController.swift in Sources */,
				140B76FE22E7E795009F6D07 /* NYTimesArticleService.swift in Sources */,
				140B76F722E7E795009F6D07 /* ArticleDetailsViewController.swift in Sources */,
				140B76E822E7E795009F6D07 /* UITableView.swift in Sources */,
				140B76E922E7E795009F6D07 /* NSLayoutConstraintHairline.swift in Sources */,
				140B768E22E7E401009F6D07 /* AppDelegate.swift in Sources */,
				140B76FD22E7E795009F6D07 /* DownloadImageService.swift in Sources */,
				140B76F222E7E795009F6D07 /* ArticlesViewAdaptor.swift in Sources */,
				140B76FB22E7E795009F6D07 /* DownloadInteractor.swift in Sources */,
				140B76EC22E7E795009F6D07 /* NSRange.swift in Sources */,
				140B76FA22E7E795009F6D07 /* ArticleViewController+URLSessionDelegates.swift in Sources */,
				140B76F522E7E795009F6D07 /* ArticleTableViewCell.swift in Sources */,
				140B76E422E7E795009F6D07 /* NSLayoutConstraint.swift in Sources */,
			);
			runOnlyForDeploymentPostprocessing = 0;
		};
		140B769A22E7E402009F6D07 /* Sources */ = {
			isa = PBXSourcesBuildPhase;
			buildActionMask = 2147483647;
			files = (
				140B76B522E7E5DD009F6D07 /* MockDownloadImageInteractor.swift in Sources */,
				140B76B722E7E5DD009F6D07 /* DownloadInteractorSpec.swift in Sources */,
				140B76B422E7E5DD009F6D07 /* MockNYTimesArticleService.swift in Sources */,
				140B76B622E7E5DD009F6D07 /* MockDownloadService.swift in Sources */,
				140B76B822E7E5DD009F6D07 /* ArticleInteractorSpec.swift in Sources */,
				140B76A322E7E402009F6D07 /* NYMostPopularArticleTests.swift in Sources */,
				140B76B322E7E5DD009F6D07 /* MockArticleInteractor.swift in Sources */,
			);
			runOnlyForDeploymentPostprocessing = 0;
		};
/* End PBXSourcesBuildPhase section */

/* Begin PBXTargetDependency section */
		140B76A022E7E402009F6D07 /* PBXTargetDependency */ = {
			isa = PBXTargetDependency;
			target = 140B768922E7E401009F6D07 /* NYMostPopularArticle */;
			targetProxy = 140B769F22E7E402009F6D07 /* PBXContainerItemProxy */;
		};
/* End PBXTargetDependency section */

/* Begin PBXVariantGroup section */
		140B769622E7E402009F6D07 /* LaunchScreen.storyboard */ = {
			isa = PBXVariantGroup;
			children = (
				140B769722E7E402009F6D07 /* Base */,
			);
			name = LaunchScreen.storyboard;
			sourceTree = "<group>";
		};
		140B76D822E7E795009F6D07 /* ArticleStoryboard.storyboard */ = {
			isa = PBXVariantGroup;
			children = (
				140B76D922E7E795009F6D07 /* Base */,
			);
			name = ArticleStoryboard.storyboard;
			sourceTree = "<group>";
		};
/* End PBXVariantGroup section */

/* Begin XCBuildConfiguration section */
		140B76A522E7E402009F6D07 /* Debug */ = {
			isa = XCBuildConfiguration;
			buildSettings = {
				ALWAYS_SEARCH_USER_PATHS = NO;
				CLANG_ANALYZER_NONNULL = YES;
				CLANG_ANALYZER_NUMBER_OBJECT_CONVERSION = YES_AGGRESSIVE;
				CLANG_CXX_LANGUAGE_STANDARD = "gnu++14";
				CLANG_CXX_LIBRARY = "libc++";
				CLANG_ENABLE_MODULES = YES;
				CLANG_ENABLE_OBJC_ARC = YES;
				CLANG_ENABLE_OBJC_WEAK = YES;
				CLANG_WARN_BLOCK_CAPTURE_AUTORELEASING = YES;
				CLANG_WARN_BOOL_CONVERSION = YES;
				CLANG_WARN_COMMA = YES;
				CLANG_WARN_CONSTANT_CONVERSION = YES;
				CLANG_WARN_DEPRECATED_OBJC_IMPLEMENTATIONS = YES;
				CLANG_WARN_DIRECT_OBJC_ISA_USAGE = YES_ERROR;
				CLANG_WARN_DOCUMENTATION_COMMENTS = YES;
				CLANG_WARN_EMPTY_BODY = YES;
				CLANG_WARN_ENUM_CONVERSION = YES;
				CLANG_WARN_INFINITE_RECURSION = YES;
				CLANG_WARN_INT_CONVERSION = YES;
				CLANG_WARN_NON_LITERAL_NULL_CONVERSION = YES;
				CLANG_WARN_OBJC_IMPLICIT_RETAIN_SELF = YES;
				CLANG_WARN_OBJC_LITERAL_CONVERSION = YES;
				CLANG_WARN_OBJC_ROOT_CLASS = YES_ERROR;
				CLANG_WARN_RANGE_LOOP_ANALYSIS = YES;
				CLANG_WARN_STRICT_PROTOTYPES = YES;
				CLANG_WARN_SUSPICIOUS_MOVE = YES;
				CLANG_WARN_UNGUARDED_AVAILABILITY = YES_AGGRESSIVE;
				CLANG_WARN_UNREACHABLE_CODE = YES;
				CLANG_WARN__DUPLICATE_METHOD_MATCH = YES;
				CODE_SIGN_IDENTITY = "iPhone Developer";
				COPY_PHASE_STRIP = NO;
				DEBUG_INFORMATION_FORMAT = dwarf;
				ENABLE_STRICT_OBJC_MSGSEND = YES;
				ENABLE_TESTABILITY = YES;
				GCC_C_LANGUAGE_STANDARD = gnu11;
				GCC_DYNAMIC_NO_PIC = NO;
				GCC_NO_COMMON_BLOCKS = YES;
				GCC_OPTIMIZATION_LEVEL = 0;
				GCC_PREPROCESSOR_DEFINITIONS = (
					"DEBUG=1",
					"$(inherited)",
				);
				GCC_WARN_64_TO_32_BIT_CONVERSION = YES;
				GCC_WARN_ABOUT_RETURN_TYPE = YES_ERROR;
				GCC_WARN_UNDECLARED_SELECTOR = YES;
				GCC_WARN_UNINITIALIZED_AUTOS = YES_AGGRESSIVE;
				GCC_WARN_UNUSED_FUNCTION = YES;
				GCC_WARN_UNUSED_VARIABLE = YES;
				IPHONEOS_DEPLOYMENT_TARGET = 12.4;
				MTL_ENABLE_DEBUG_INFO = INCLUDE_SOURCE;
				MTL_FAST_MATH = YES;
				ONLY_ACTIVE_ARCH = YES;
				SDKROOT = iphoneos;
				SWIFT_ACTIVE_COMPILATION_CONDITIONS = DEBUG;
				SWIFT_OPTIMIZATION_LEVEL = "-Onone";
				SWIFT_VERSION = 4.0;
			};
			name = Debug;
		};
		140B76A622E7E402009F6D07 /* Release */ = {
			isa = XCBuildConfiguration;
			buildSettings = {
				ALWAYS_SEARCH_USER_PATHS = NO;
				CLANG_ANALYZER_NONNULL = YES;
				CLANG_ANALYZER_NUMBER_OBJECT_CONVERSION = YES_AGGRESSIVE;
				CLANG_CXX_LANGUAGE_STANDARD = "gnu++14";
				CLANG_CXX_LIBRARY = "libc++";
				CLANG_ENABLE_MODULES = YES;
				CLANG_ENABLE_OBJC_ARC = YES;
				CLANG_ENABLE_OBJC_WEAK = YES;
				CLANG_WARN_BLOCK_CAPTURE_AUTORELEASING = YES;
				CLANG_WARN_BOOL_CONVERSION = YES;
				CLANG_WARN_COMMA = YES;
				CLANG_WARN_CONSTANT_CONVERSION = YES;
				CLANG_WARN_DEPRECATED_OBJC_IMPLEMENTATIONS = YES;
				CLANG_WARN_DIRECT_OBJC_ISA_USAGE = YES_ERROR;
				CLANG_WARN_DOCUMENTATION_COMMENTS = YES;
				CLANG_WARN_EMPTY_BODY = YES;
				CLANG_WARN_ENUM_CONVERSION = YES;
				CLANG_WARN_INFINITE_RECURSION = YES;
				CLANG_WARN_INT_CONVERSION = YES;
				CLANG_WARN_NON_LITERAL_NULL_CONVERSION = YES;
				CLANG_WARN_OBJC_IMPLICIT_RETAIN_SELF = YES;
				CLANG_WARN_OBJC_LITERAL_CONVERSION = YES;
				CLANG_WARN_OBJC_ROOT_CLASS = YES_ERROR;
				CLANG_WARN_RANGE_LOOP_ANALYSIS = YES;
				CLANG_WARN_STRICT_PROTOTYPES = YES;
				CLANG_WARN_SUSPICIOUS_MOVE = YES;
				CLANG_WARN_UNGUARDED_AVAILABILITY = YES_AGGRESSIVE;
				CLANG_WARN_UNREACHABLE_CODE = YES;
				CLANG_WARN__DUPLICATE_METHOD_MATCH = YES;
				CODE_SIGN_IDENTITY = "iPhone Developer";
				COPY_PHASE_STRIP = NO;
				DEBUG_INFORMATION_FORMAT = "dwarf-with-dsym";
				ENABLE_NS_ASSERTIONS = NO;
				ENABLE_STRICT_OBJC_MSGSEND = YES;
				GCC_C_LANGUAGE_STANDARD = gnu11;
				GCC_NO_COMMON_BLOCKS = YES;
				GCC_WARN_64_TO_32_BIT_CONVERSION = YES;
				GCC_WARN_ABOUT_RETURN_TYPE = YES_ERROR;
				GCC_WARN_UNDECLARED_SELECTOR = YES;
				GCC_WARN_UNINITIALIZED_AUTOS = YES_AGGRESSIVE;
				GCC_WARN_UNUSED_FUNCTION = YES;
				GCC_WARN_UNUSED_VARIABLE = YES;
				IPHONEOS_DEPLOYMENT_TARGET = 12.4;
				MTL_ENABLE_DEBUG_INFO = NO;
				MTL_FAST_MATH = YES;
				SDKROOT = iphoneos;
				SWIFT_COMPILATION_MODE = wholemodule;
				SWIFT_OPTIMIZATION_LEVEL = "-O";
				SWIFT_VERSION = 4.0;
				VALIDATE_PRODUCT = YES;
			};
			name = Release;
		};
		140B76A822E7E402009F6D07 /* Debug */ = {
			isa = XCBuildConfiguration;
			buildSettings = {
				ASSETCATALOG_COMPILER_APPICON_NAME = AppIcon;
				CODE_SIGN_STYLE = Automatic;
				INFOPLIST_FILE = NYMostPopularArticle/Info.plist;
				LD_RUNPATH_SEARCH_PATHS = (
					"$(inherited)",
					"@executable_path/Frameworks",
				);
				PRODUCT_BUNDLE_IDENTIFIER = com.raktec.NYMostPopularArticle;
				PRODUCT_NAME = "$(TARGET_NAME)";
				SWIFT_VERSION = 4.0;
				TARGETED_DEVICE_FAMILY = "1,2";
			};
			name = Debug;
		};
		140B76A922E7E402009F6D07 /* Release */ = {
			isa = XCBuildConfiguration;
			buildSettings = {
				ASSETCATALOG_COMPILER_APPICON_NAME = AppIcon;
				CODE_SIGN_STYLE = Automatic;
				INFOPLIST_FILE = NYMostPopularArticle/Info.plist;
				LD_RUNPATH_SEARCH_PATHS = (
					"$(inherited)",
					"@executable_path/Frameworks",
				);
				PRODUCT_BUNDLE_IDENTIFIER = com.raktec.NYMostPopularArticle;
				PRODUCT_NAME = "$(TARGET_NAME)";
				SWIFT_VERSION = 4.0;
				TARGETED_DEVICE_FAMILY = "1,2";
			};
			name = Release;
		};
		140B76AB22E7E402009F6D07 /* Debug */ = {
			isa = XCBuildConfiguration;
			buildSettings = {
				ALWAYS_EMBED_SWIFT_STANDARD_LIBRARIES = YES;
				BUNDLE_LOADER = "$(TEST_HOST)";
				CODE_SIGN_STYLE = Automatic;
				INFOPLIST_FILE = NYMostPopularArticleTests/Info.plist;
				LD_RUNPATH_SEARCH_PATHS = (
					"$(inherited)",
					"@executable_path/Frameworks",
					"@loader_path/Frameworks",
				);
				PRODUCT_BUNDLE_IDENTIFIER = com.raktec.NYMostPopularArticleTests;
				PRODUCT_NAME = "$(TARGET_NAME)";
				SWIFT_VERSION = 4.0;
				TARGETED_DEVICE_FAMILY = "1,2";
				TEST_HOST = "$(BUILT_PRODUCTS_DIR)/NYMostPopularArticle.app/NYMostPopularArticle";
			};
			name = Debug;
		};
		140B76AC22E7E402009F6D07 /* Release */ = {
			isa = XCBuildConfiguration;
			buildSettings = {
				ALWAYS_EMBED_SWIFT_STANDARD_LIBRARIES = YES;
				BUNDLE_LOADER = "$(TEST_HOST)";
				CODE_SIGN_STYLE = Automatic;
				INFOPLIST_FILE = NYMostPopularArticleTests/Info.plist;
				LD_RUNPATH_SEARCH_PATHS = (
					"$(inherited)",
					"@executable_path/Frameworks",
					"@loader_path/Frameworks",
				);
				PRODUCT_BUNDLE_IDENTIFIER = com.raktec.NYMostPopularArticleTests;
				PRODUCT_NAME = "$(TARGET_NAME)";
				SWIFT_VERSION = 4.0;
				TARGETED_DEVICE_FAMILY = "1,2";
				TEST_HOST = "$(BUILT_PRODUCTS_DIR)/NYMostPopularArticle.app/NYMostPopularArticle";
			};
			name = Release;
		};
/* End XCBuildConfiguration section */

/* Begin XCConfigurationList section */
		140B768522E7E401009F6D07 /* Build configuration list for PBXProject "NYMostPopularArticle" */ = {
			isa = XCConfigurationList;
			buildConfigurations = (
				140B76A522E7E402009F6D07 /* Debug */,
				140B76A622E7E402009F6D07 /* Release */,
			);
			defaultConfigurationIsVisible = 0;
			defaultConfigurationName = Release;
		};
		140B76A722E7E402009F6D07 /* Build configuration list for PBXNativeTarget "NYMostPopularArticle" */ = {
			isa = XCConfigurationList;
			buildConfigurations = (
				140B76A822E7E402009F6D07 /* Debug */,
				140B76A922E7E402009F6D07 /* Release */,
			);
			defaultConfigurationIsVisible = 0;
			defaultConfigurationName = Release;
		};
		140B76AA22E7E402009F6D07 /* Build configuration list for PBXNativeTarget "NYMostPopularArticleTests" */ = {
			isa = XCConfigurationList;
			buildConfigurations = (
				140B76AB22E7E402009F6D07 /* Debug */,
				140B76AC22E7E402009F6D07 /* Release */,
			);
			defaultConfigurationIsVisible = 0;
			defaultConfigurationName = Release;
		};
/* End XCConfigurationList section */
	};
	rootObject = 140B768222E7E401009F6D07 /* Project object */;
}
